
Microsoft Visual Studio Solution File, Format Version 12.00
# Visual Studio Version 16
VisualStudioVersion = 16.0.30503.244
MinimumVisualStudioVersion = 10.0.40219.1
Project("{FAE04EC0-301F-11D3-BF4B-00C04F79EFBC}") = "ConversioneDecimaleBinario", "ConversioneDecimaleBinario\ConversioneDecimaleBinario.csproj", "{07FF124C-F4EE-4A30-974F-515426337291}"
EndProject
Global
	GlobalSection(SolutionConfigurationPlatforms) = preSolution
		Debug|Any CPU = Debug|Any CPU
		Release|Any CPU = Release|Any CPU
	EndGlobalSection
	GlobalSection(ProjectConfigurationPlatforms) = postSolution
		{07FF124C-F4EE-4A30-974F-515426337291}.Debug|Any CPU.ActiveCfg = Debug|Any CPU
		{07FF124C-F4EE-4A30-974F-515426337291}.Debug|Any CPU.Build.0 = Debug|Any CPU
		{07FF124C-F4EE-4A30-974F-515426337291}.Release|Any CPU.ActiveCfg = Release|Any CPU
		{07FF124C-F4EE-4A30-974F-515426337291}.Release|Any CPU.Build.0 = Release|Any CPU
	EndGlobalSection
	GlobalSection(SolutionProperties) = preSolution
		HideSolutionNode = FALSE
	EndGlobalSection
	GlobalSection(ExtensibilityGlobals) = postSolution
		SolutionGuid = {C4968CA9-8C10-45CD-8F27-E429C54B2271}
	EndGlobalSection
EndGlobal
